
Microsoft Visual Studio Solution File, Format Version 12.00
Project("{FAE04EC0-301F-11D3-BF4B-00C04F79EFBC}") = "SimpleMem", "SimpleMem\SimpleMem.csproj", "{35FB4875-8E54-4CFC-971B-1060D89BFA26}"
EndProject
Global
	GlobalSection(SolutionConfigurationPlatforms) = preSolution
		Debug|Any CPU = Debug|Any CPU
		Release|Any CPU = Release|Any CPU
	EndGlobalSection
	GlobalSection(ProjectConfigurationPlatforms) = postSolution
		{35FB4875-8E54-4CFC-971B-1060D89BFA26}.Debug|Any CPU.ActiveCfg = Debug|Any CPU
		{35FB4875-8E54-4CFC-971B-1060D89BFA26}.Debug|Any CPU.Build.0 = Debug|Any CPU
		{35FB4875-8E54-4CFC-971B-1060D89BFA26}.Release|Any CPU.ActiveCfg = Release|Any CPU
		{35FB4875-8E54-4CFC-971B-1060D89BFA26}.Release|Any CPU.Build.0 = Release|Any CPU
		{35FB4875-8E54-4CFC-971B-1060D89BFA26}.Release|Any CPU.Deploy.0 = Release|Any CPU
	EndGlobalSection
EndGlobal
